
Microsoft Visual Studio Solution File, Format Version 12.00
# Visual Studio 2012
Project("{FAE04EC0-301F-11D3-BF4B-00C04F79EFBC}") = "Damage", "Damage\Damage.csproj", "{3DB0E88D-67AF-47DA-BEDC-4C948116273A}"
EndProject
Project("{2150E333-8FDC-42A3-9474-1A3956D46DE8}") = ".nuget", ".nuget", "{38C11B20-C98A-4BA5-A3E8-C7EB562DF899}"
	ProjectSection(SolutionItems) = preProject
		.nuget\NuGet.Config = .nuget\NuGet.Config
		.nuget\NuGet.exe = .nuget\NuGet.exe
		.nuget\NuGet.targets = .nuget\NuGet.targets
	EndProjectSection
EndProject
Project("{FAE04EC0-301F-11D3-BF4B-00C04F79EFBC}") = "Damage.DataAccess", "Damage.DataAccess\Damage.DataAccess.csproj", "{BB36866C-FCFF-49B6-ABAD-5578C84ACA82}"
EndProject
Project("{00D1A9C2-B5F0-4AF3-8072-F6C62B433612}") = "Damage.Database", "Damage.Database\Damage.Database.sqlproj", "{74A02715-C914-45C6-8FAA-8CD954892FA5}"
EndProject
Project("{2150E333-8FDC-42A3-9474-1A3956D46DE8}") = "Gadgets", "Gadgets", "{E53DE78E-5C2F-4AE5-9F5A-E9C1600E0C4A}"
EndProject
Project("{FAE04EC0-301F-11D3-BF4B-00C04F79EFBC}") = "RSSReader", "RSSReader\RSSReader.csproj", "{80134D8F-5D58-4B69-90B2-E1595094251F}"
EndProject
Project("{FAE04EC0-301F-11D3-BF4B-00C04F79EFBC}") = "Weather", "Weather\Weather.csproj", "{9698DD79-EB76-4908-85ED-E22BB876FBA0}"
EndProject
Project("{FAE04EC0-301F-11D3-BF4B-00C04F79EFBC}") = "Gmail", "Gmail\Gmail.csproj", "{08E5A139-F525-4B8C-8BCA-998534BC6F7E}"
EndProject
Project("{FAE04EC0-301F-11D3-BF4B-00C04F79EFBC}") = "GoogleCalendar", "GoogleCalendar\GoogleCalendar.csproj", "{605CCA1A-E164-45D1-BAC3-1F206910E7C6}"
EndProject
Project("{FAE04EC0-301F-11D3-BF4B-00C04F79EFBC}") = "TodayInHistory", "TodayInHistory\TodayInHistory.csproj", "{4DE32A42-FB59-4C81-91D2-459C4ECF2E38}"
EndProject
Project("{FAE04EC0-301F-11D3-BF4B-00C04F79EFBC}") = "GoogleDrive", "GoogleDrive\GoogleDrive.csproj", "{0D11193C-E604-4903-B1E1-B97283477588}"
EndProject
Project("{FAE04EC0-301F-11D3-BF4B-00C04F79EFBC}") = "StockTicker", "StockTicker\StockTicker.csproj", "{A83E06B6-3EF6-4005-89EC-4C280AFFEC8D}"
EndProject
Project("{FAE04EC0-301F-11D3-BF4B-00C04F79EFBC}") = "Damage.DataAccessEF", "Damage.DataAccessEF\Damage.DataAccessEF.csproj", "{6722CDD5-92CF-486D-AAEB-1EB8CF9E66D9}"
EndProject
Project("{FAE04EC0-301F-11D3-BF4B-00C04F79EFBC}") = "Traffic", "Traffic\Traffic.csproj", "{F5846D06-D067-48A6-8D67-C980E53D7322}"
EndProject
Project("{FAE04EC0-301F-11D3-BF4B-00C04F79EFBC}") = "GoogleVoice", "GoogleVoice\GoogleVoice.csproj", "{F2B73B76-4E2F-4753-886A-B631251EFF55}"
EndProject
Global
	GlobalSection(TeamFoundationVersionControl) = preSolution
		SccNumberOfProjects = 14
		SccEnterpriseProvider = {4CA58AB2-18FA-4F8D-95D4-32DDF27D184C}
		SccTeamFoundationServer = https://calexander3.visualstudio.com/defaultcollection
		SccLocalPath0 = .
		SccProjectUniqueName1 = Damage.DataAccess\\Damage.DataAccess.csproj
		SccProjectName1 = Damage.DataAccess
		SccLocalPath1 = Damage.DataAccess
		SccProjectUniqueName2 = Damage.Database\\Damage.Database.sqlproj
		SccProjectName2 = Damage.Database
		SccLocalPath2 = Damage.Database
		SccProjectUniqueName3 = Damage\\Damage.csproj
		SccProjectName3 = Damage
		SccLocalPath3 = Damage
		SccProjectUniqueName4 = RSSReader\\RSSReader.csproj
		SccProjectTopLevelParentUniqueName4 = Damage.sln
		SccProjectName4 = RSSReader
		SccLocalPath4 = RSSReader
		SccProjectUniqueName5 = Weather\\Weather.csproj
		SccProjectTopLevelParentUniqueName5 = Damage.sln
		SccProjectName5 = Weather
		SccLocalPath5 = Weather
		SccProjectUniqueName6 = Gmail\\Gmail.csproj
		SccProjectTopLevelParentUniqueName6 = Damage.sln
		SccProjectName6 = Gmail
		SccLocalPath6 = Gmail
		SccProjectUniqueName7 = GoogleCalendar\\GoogleCalendar.csproj
		SccProjectTopLevelParentUniqueName7 = Damage.sln
		SccProjectName7 = GoogleCalendar
		SccLocalPath7 = GoogleCalendar
		SccProjectUniqueName8 = TodayInHistory\\TodayInHistory.csproj
		SccProjectTopLevelParentUniqueName8 = Damage.sln
		SccProjectName8 = TodayInHistory
		SccLocalPath8 = TodayInHistory
		SccProjectUniqueName9 = GoogleDrive\\GoogleDrive.csproj
		SccProjectTopLevelParentUniqueName9 = Damage.sln
		SccProjectName9 = GoogleDrive
		SccLocalPath9 = GoogleDrive
		SccProjectUniqueName10 = StockTicker\\StockTicker.csproj
		SccProjectTopLevelParentUniqueName10 = Damage.sln
		SccProjectName10 = StockTicker
		SccLocalPath10 = StockTicker
		SccProjectUniqueName11 = Damage.DataAccessEF\\Damage.DataAccessEF.csproj
		SccProjectName11 = Damage.DataAccessEF
		SccLocalPath11 = Damage.DataAccessEF
		SccProjectUniqueName12 = Traffic\\Traffic.csproj
		SccProjectTopLevelParentUniqueName12 = Damage.sln
		SccProjectName12 = Traffic
		SccLocalPath12 = Traffic
		SccProjectUniqueName13 = GoogleVoice\\GoogleVoice.csproj
		SccProjectTopLevelParentUniqueName13 = Damage.sln
		SccProjectName13 = GoogleVoice
		SccLocalPath13 = GoogleVoice
	EndGlobalSection
	GlobalSection(SolutionConfigurationPlatforms) = preSolution
		Debug|Any CPU = Debug|Any CPU
		Release|Any CPU = Release|Any CPU
	EndGlobalSection
	GlobalSection(ProjectConfigurationPlatforms) = postSolution
		{3DB0E88D-67AF-47DA-BEDC-4C948116273A}.Debug|Any CPU.ActiveCfg = Debug|Any CPU
		{3DB0E88D-67AF-47DA-BEDC-4C948116273A}.Debug|Any CPU.Build.0 = Debug|Any CPU
		{3DB0E88D-67AF-47DA-BEDC-4C948116273A}.Release|Any CPU.ActiveCfg = Release|Any CPU
		{3DB0E88D-67AF-47DA-BEDC-4C948116273A}.Release|Any CPU.Build.0 = Release|Any CPU
		{BB36866C-FCFF-49B6-ABAD-5578C84ACA82}.Debug|Any CPU.ActiveCfg = Debug|Any CPU
		{BB36866C-FCFF-49B6-ABAD-5578C84ACA82}.Debug|Any CPU.Build.0 = Debug|Any CPU
		{BB36866C-FCFF-49B6-ABAD-5578C84ACA82}.Release|Any CPU.ActiveCfg = Release|Any CPU
		{BB36866C-FCFF-49B6-ABAD-5578C84ACA82}.Release|Any CPU.Build.0 = Release|Any CPU
		{74A02715-C914-45C6-8FAA-8CD954892FA5}.Debug|Any CPU.ActiveCfg = Debug|Any CPU
		{74A02715-C914-45C6-8FAA-8CD954892FA5}.Debug|Any CPU.Build.0 = Debug|Any CPU
		{74A02715-C914-45C6-8FAA-8CD954892FA5}.Debug|Any CPU.Deploy.0 = Debug|Any CPU
		{74A02715-C914-45C6-8FAA-8CD954892FA5}.Release|Any CPU.ActiveCfg = Release|Any CPU
		{74A02715-C914-45C6-8FAA-8CD954892FA5}.Release|Any CPU.Build.0 = Release|Any CPU
		{74A02715-C914-45C6-8FAA-8CD954892FA5}.Release|Any CPU.Deploy.0 = Release|Any CPU
		{80134D8F-5D58-4B69-90B2-E1595094251F}.Debug|Any CPU.ActiveCfg = Debug|Any CPU
		{80134D8F-5D58-4B69-90B2-E1595094251F}.Debug|Any CPU.Build.0 = Debug|Any CPU
		{80134D8F-5D58-4B69-90B2-E1595094251F}.Release|Any CPU.ActiveCfg = Release|Any CPU
		{80134D8F-5D58-4B69-90B2-E1595094251F}.Release|Any CPU.Build.0 = Release|Any CPU
		{9698DD79-EB76-4908-85ED-E22BB876FBA0}.Debug|Any CPU.ActiveCfg = Debug|Any CPU
		{9698DD79-EB76-4908-85ED-E22BB876FBA0}.Debug|Any CPU.Build.0 = Debug|Any CPU
		{9698DD79-EB76-4908-85ED-E22BB876FBA0}.Release|Any CPU.ActiveCfg = Release|Any CPU
		{9698DD79-EB76-4908-85ED-E22BB876FBA0}.Release|Any CPU.Build.0 = Release|Any CPU
		{08E5A139-F525-4B8C-8BCA-998534BC6F7E}.Debug|Any CPU.ActiveCfg = Debug|Any CPU
		{08E5A139-F525-4B8C-8BCA-998534BC6F7E}.Debug|Any CPU.Build.0 = Debug|Any CPU
		{08E5A139-F525-4B8C-8BCA-998534BC6F7E}.Release|Any CPU.ActiveCfg = Release|Any CPU
		{08E5A139-F525-4B8C-8BCA-998534BC6F7E}.Release|Any CPU.Build.0 = Release|Any CPU
		{605CCA1A-E164-45D1-BAC3-1F206910E7C6}.Debug|Any CPU.ActiveCfg = Debug|Any CPU
		{605CCA1A-E164-45D1-BAC3-1F206910E7C6}.Debug|Any CPU.Build.0 = Debug|Any CPU
		{605CCA1A-E164-45D1-BAC3-1F206910E7C6}.Release|Any CPU.ActiveCfg = Release|Any CPU
		{605CCA1A-E164-45D1-BAC3-1F206910E7C6}.Release|Any CPU.Build.0 = Release|Any CPU
		{4DE32A42-FB59-4C81-91D2-459C4ECF2E38}.Debug|Any CPU.ActiveCfg = Debug|Any CPU
		{4DE32A42-FB59-4C81-91D2-459C4ECF2E38}.Debug|Any CPU.Build.0 = Debug|Any CPU
		{4DE32A42-FB59-4C81-91D2-459C4ECF2E38}.Release|Any CPU.ActiveCfg = Release|Any CPU
		{4DE32A42-FB59-4C81-91D2-459C4ECF2E38}.Release|Any CPU.Build.0 = Release|Any CPU
		{0D11193C-E604-4903-B1E1-B97283477588}.Debug|Any CPU.ActiveCfg = Debug|Any CPU
		{0D11193C-E604-4903-B1E1-B97283477588}.Debug|Any CPU.Build.0 = Debug|Any CPU
		{0D11193C-E604-4903-B1E1-B97283477588}.Release|Any CPU.ActiveCfg = Release|Any CPU
		{0D11193C-E604-4903-B1E1-B97283477588}.Release|Any CPU.Build.0 = Release|Any CPU
		{A83E06B6-3EF6-4005-89EC-4C280AFFEC8D}.Debug|Any CPU.ActiveCfg = Debug|Any CPU
		{A83E06B6-3EF6-4005-89EC-4C280AFFEC8D}.Debug|Any CPU.Build.0 = Debug|Any CPU
		{A83E06B6-3EF6-4005-89EC-4C280AFFEC8D}.Release|Any CPU.ActiveCfg = Release|Any CPU
		{A83E06B6-3EF6-4005-89EC-4C280AFFEC8D}.Release|Any CPU.Build.0 = Release|Any CPU
		{6722CDD5-92CF-486D-AAEB-1EB8CF9E66D9}.Debug|Any CPU.ActiveCfg = Debug|Any CPU
		{6722CDD5-92CF-486D-AAEB-1EB8CF9E66D9}.Debug|Any CPU.Build.0 = Debug|Any CPU
		{6722CDD5-92CF-486D-AAEB-1EB8CF9E66D9}.Release|Any CPU.ActiveCfg = Release|Any CPU
		{6722CDD5-92CF-486D-AAEB-1EB8CF9E66D9}.Release|Any CPU.Build.0 = Release|Any CPU
		{F5846D06-D067-48A6-8D67-C980E53D7322}.Debug|Any CPU.ActiveCfg = Debug|Any CPU
		{F5846D06-D067-48A6-8D67-C980E53D7322}.Debug|Any CPU.Build.0 = Debug|Any CPU
		{F5846D06-D067-48A6-8D67-C980E53D7322}.Release|Any CPU.ActiveCfg = Release|Any CPU
		{F5846D06-D067-48A6-8D67-C980E53D7322}.Release|Any CPU.Build.0 = Release|Any CPU
		{F2B73B76-4E2F-4753-886A-B631251EFF55}.Debug|Any CPU.ActiveCfg = Debug|Any CPU
		{F2B73B76-4E2F-4753-886A-B631251EFF55}.Debug|Any CPU.Build.0 = Debug|Any CPU
		{F2B73B76-4E2F-4753-886A-B631251EFF55}.Release|Any CPU.ActiveCfg = Release|Any CPU
		{F2B73B76-4E2F-4753-886A-B631251EFF55}.Release|Any CPU.Build.0 = Release|Any CPU
	EndGlobalSection
	GlobalSection(SolutionProperties) = preSolution
		HideSolutionNode = FALSE
	EndGlobalSection
	GlobalSection(NestedProjects) = preSolution
		{80134D8F-5D58-4B69-90B2-E1595094251F} = {E53DE78E-5C2F-4AE5-9F5A-E9C1600E0C4A}
		{9698DD79-EB76-4908-85ED-E22BB876FBA0} = {E53DE78E-5C2F-4AE5-9F5A-E9C1600E0C4A}
		{08E5A139-F525-4B8C-8BCA-998534BC6F7E} = {E53DE78E-5C2F-4AE5-9F5A-E9C1600E0C4A}
		{605CCA1A-E164-45D1-BAC3-1F206910E7C6} = {E53DE78E-5C2F-4AE5-9F5A-E9C1600E0C4A}
		{4DE32A42-FB59-4C81-91D2-459C4ECF2E38} = {E53DE78E-5C2F-4AE5-9F5A-E9C1600E0C4A}
		{0D11193C-E604-4903-B1E1-B97283477588} = {E53DE78E-5C2F-4AE5-9F5A-E9C1600E0C4A}
		{A83E06B6-3EF6-4005-89EC-4C280AFFEC8D} = {E53DE78E-5C2F-4AE5-9F5A-E9C1600E0C4A}
		{F5846D06-D067-48A6-8D67-C980E53D7322} = {E53DE78E-5C2F-4AE5-9F5A-E9C1600E0C4A}
		{F2B73B76-4E2F-4753-886A-B631251EFF55} = {E53DE78E-5C2F-4AE5-9F5A-E9C1600E0C4A}
	EndGlobalSection
EndGlobal
