
Microsoft Visual Studio Solution File, Format Version 12.00
# Visual Studio 2012
Project("{FAE04EC0-301F-11D3-BF4B-00C04F79EFBC}") = "Damage", "Damage\Damage.csproj", "{3DB0E88D-67AF-47DA-BEDC-4C948116273A}"
EndProject
Project("{2150E333-8FDC-42A3-9474-1A3956D46DE8}") = ".nuget", ".nuget", "{38C11B20-C98A-4BA5-A3E8-C7EB562DF899}"
	ProjectSection(SolutionItems) = preProject
		.nuget\NuGet.Config = .nuget\NuGet.Config
		.nuget\NuGet.exe = .nuget\NuGet.exe
		.nuget\NuGet.targets = .nuget\NuGet.targets
	EndProjectSection
EndProject
Project("{FAE04EC0-301F-11D3-BF4B-00C04F79EFBC}") = "Damage.DataAccess", "Damage.DataAccess\Damage.DataAccess.csproj", "{BB36866C-FCFF-49B6-ABAD-5578C84ACA82}"
EndProject
Project("{00D1A9C2-B5F0-4AF3-8072-F6C62B433612}") = "Damage.Database", "Damage.Database\Damage.Database.sqlproj", "{74A02715-C914-45C6-8FAA-8CD954892FA5}"
EndProject
Project("{2150E333-8FDC-42A3-9474-1A3956D46DE8}") = "Gadgets", "Gadgets", "{E53DE78E-5C2F-4AE5-9F5A-E9C1600E0C4A}"
EndProject
Project("{FAE04EC0-301F-11D3-BF4B-00C04F79EFBC}") = "RSSReader", "RSSReader\RSSReader.csproj", "{80134D8F-5D58-4B69-90B2-E1595094251F}"
EndProject
Global
	GlobalSection(TeamFoundationVersionControl) = preSolution
		SccNumberOfProjects = 5
		SccEnterpriseProvider = {4CA58AB2-18FA-4F8D-95D4-32DDF27D184C}
		SccTeamFoundationServer = https://calexander3.visualstudio.com/defaultcollection
		SccLocalPath0 = .
		SccProjectUniqueName1 = Damage.DataAccess\\Damage.DataAccess.csproj
		SccProjectName1 = Damage.DataAccess
		SccLocalPath1 = Damage.DataAccess
		SccProjectUniqueName2 = Damage.Database\\Damage.Database.sqlproj
		SccProjectName2 = Damage.Database
		SccLocalPath2 = Damage.Database
		SccProjectUniqueName3 = Damage\\Damage.csproj
		SccProjectName3 = Damage
		SccLocalPath3 = Damage
		SccProjectUniqueName4 = RSSReader\\RSSReader.csproj
		SccProjectTopLevelParentUniqueName4 = Damage.sln
		SccProjectName4 = RSSReader
		SccLocalPath4 = RSSReader
	EndGlobalSection
	GlobalSection(SolutionConfigurationPlatforms) = preSolution
		Debug|Any CPU = Debug|Any CPU
		Release|Any CPU = Release|Any CPU
	EndGlobalSection
	GlobalSection(ProjectConfigurationPlatforms) = postSolution
		{3DB0E88D-67AF-47DA-BEDC-4C948116273A}.Debug|Any CPU.ActiveCfg = Debug|Any CPU
		{3DB0E88D-67AF-47DA-BEDC-4C948116273A}.Debug|Any CPU.Build.0 = Debug|Any CPU
		{3DB0E88D-67AF-47DA-BEDC-4C948116273A}.Release|Any CPU.ActiveCfg = Release|Any CPU
		{3DB0E88D-67AF-47DA-BEDC-4C948116273A}.Release|Any CPU.Build.0 = Release|Any CPU
		{BB36866C-FCFF-49B6-ABAD-5578C84ACA82}.Debug|Any CPU.ActiveCfg = Debug|Any CPU
		{BB36866C-FCFF-49B6-ABAD-5578C84ACA82}.Debug|Any CPU.Build.0 = Debug|Any CPU
		{BB36866C-FCFF-49B6-ABAD-5578C84ACA82}.Release|Any CPU.ActiveCfg = Release|Any CPU
		{BB36866C-FCFF-49B6-ABAD-5578C84ACA82}.Release|Any CPU.Build.0 = Release|Any CPU
		{74A02715-C914-45C6-8FAA-8CD954892FA5}.Debug|Any CPU.ActiveCfg = Debug|Any CPU
		{74A02715-C914-45C6-8FAA-8CD954892FA5}.Debug|Any CPU.Build.0 = Debug|Any CPU
		{74A02715-C914-45C6-8FAA-8CD954892FA5}.Debug|Any CPU.Deploy.0 = Debug|Any CPU
		{74A02715-C914-45C6-8FAA-8CD954892FA5}.Release|Any CPU.ActiveCfg = Release|Any CPU
		{74A02715-C914-45C6-8FAA-8CD954892FA5}.Release|Any CPU.Build.0 = Release|Any CPU
		{74A02715-C914-45C6-8FAA-8CD954892FA5}.Release|Any CPU.Deploy.0 = Release|Any CPU
		{80134D8F-5D58-4B69-90B2-E1595094251F}.Debug|Any CPU.ActiveCfg = Debug|Any CPU
		{80134D8F-5D58-4B69-90B2-E1595094251F}.Debug|Any CPU.Build.0 = Debug|Any CPU
		{80134D8F-5D58-4B69-90B2-E1595094251F}.Release|Any CPU.ActiveCfg = Release|Any CPU
		{80134D8F-5D58-4B69-90B2-E1595094251F}.Release|Any CPU.Build.0 = Release|Any CPU
	EndGlobalSection
	GlobalSection(SolutionProperties) = preSolution
		HideSolutionNode = FALSE
	EndGlobalSection
	GlobalSection(NestedProjects) = preSolution
		{80134D8F-5D58-4B69-90B2-E1595094251F} = {E53DE78E-5C2F-4AE5-9F5A-E9C1600E0C4A}
	EndGlobalSection
EndGlobal
